
Microsoft Visual Studio Solution File, Format Version 12.00
# Visual Studio Version 16
VisualStudioVersion = 16.0.30204.135
MinimumVisualStudioVersion = 10.0.40219.1
Project("{FAE04EC0-301F-11D3-BF4B-00C04F79EFBC}") = "DiarizationClient", "DiarizationClient\DiarizationClient.csproj", "{FF721CC1-DEB2-4740-AF6A-4620E6CA51F4}"
EndProject
Project("{FAE04EC0-301F-11D3-BF4B-00C04F79EFBC}") = "GRPCClientLib", "GRPCClientLib\GRPCClientLib.csproj", "{12BDD403-F0AE-41B8-843C-9601C2337E04}"
EndProject
Global
	GlobalSection(SolutionConfigurationPlatforms) = preSolution
		Debug|Any CPU = Debug|Any CPU
		Release|Any CPU = Release|Any CPU
	EndGlobalSection
	GlobalSection(ProjectConfigurationPlatforms) = postSolution
		{FF721CC1-DEB2-4740-AF6A-4620E6CA51F4}.Debug|Any CPU.ActiveCfg = Debug|Any CPU
		{FF721CC1-DEB2-4740-AF6A-4620E6CA51F4}.Debug|Any CPU.Build.0 = Debug|Any CPU
		{FF721CC1-DEB2-4740-AF6A-4620E6CA51F4}.Release|Any CPU.ActiveCfg = Release|Any CPU
		{FF721CC1-DEB2-4740-AF6A-4620E6CA51F4}.Release|Any CPU.Build.0 = Release|Any CPU
		{12BDD403-F0AE-41B8-843C-9601C2337E04}.Debug|Any CPU.ActiveCfg = Debug|Any CPU
		{12BDD403-F0AE-41B8-843C-9601C2337E04}.Debug|Any CPU.Build.0 = Debug|Any CPU
		{12BDD403-F0AE-41B8-843C-9601C2337E04}.Release|Any CPU.ActiveCfg = Release|Any CPU
		{12BDD403-F0AE-41B8-843C-9601C2337E04}.Release|Any CPU.Build.0 = Release|Any CPU
	EndGlobalSection
	GlobalSection(SolutionProperties) = preSolution
		HideSolutionNode = FALSE
	EndGlobalSection
	GlobalSection(ExtensibilityGlobals) = postSolution
		SolutionGuid = {38B308A4-0E01-4488-A73D-B34D2417A1F4}
	EndGlobalSection
EndGlobal
